<?xml version="1.0" encoding="utf-8"?>
<Project ToolsVersion="4.0" xmlns="http://schemas.microsoft.com/developer/msbuild/2003">
  <ItemGroup>
    <Filter Include="Common">
      <UniqueIdentifier>{8d65f528-f4e7-40ae-9a87-252587496541}</UniqueIdentifier>
    </Filter>
    <Filter Include="Linker">
      <UniqueIdentifier>{c58a559c-fdf0-4ddc-a008-eebccca88861}</UniqueIdentifier>
    </Filter>
  </ItemGroup>
  <ItemGroup>
    <ClCompile Include="Common\Module.cpp">
      <Filter>Common</Filter>
    </ClCompile>
    <ClCompile Include="Common\SimpleArchive.cpp">
      <Filter>Common</Filter>
    </ClCompile>
    <ClCompile Include="Linker\Linker.cpp">
      <Filter>Linker</Filter>
    </ClCompile>
    <ClCompile Include="Linker\test_linker.cpp">
      <Filter>Linker</Filter>
    </ClCompile>
    <ClCompile Include="Linker\test_module_loader.cpp">
      <Filter>Linker</Filter>
    </ClCompile>
  </ItemGroup>
  <ItemGroup>
    <ClInclude Include="Common\Module.hpp">
      <Filter>Common</Filter>
    </ClInclude>
    <ClInclude Include="Common\Payload.hpp">
      <Filter>Common</Filter>
    </ClInclude>
    <ClInclude Include="Common\SimpleArchive.h">
      <Filter>Common</Filter>
    </ClInclude>
    <ClInclude Include="Linker\Linker.h">
      <Filter>Linker</Filter>
    </ClInclude>
  </ItemGroup>
</Project>