<?xml version="1.0" encoding="utf-8"?>
<Project ToolsVersion="4.0" xmlns="http://schemas.microsoft.com/developer/msbuild/2003">
  <ItemGroup>
    <ClInclude Include="Module.hpp" />
    <ClInclude Include="Payload.hpp" />
    <ClInclude Include="typedef.hpp" />
    <ClInclude Include="Linker.hpp" />
    <ClInclude Include="SimpleArchive.hpp" />
  </ItemGroup>
  <ItemGroup>
    <ClCompile Include="test_linker.cpp" />
    <ClCompile Include="SimpleArchive.cpp" />
    <ClCompile Include="Module.cpp" />
    <ClCompile Include="Linker.cpp" />
    <ClCompile Include="test_module_loader.cpp" />
    <ClCompile Include="main.cpp" />
    <ClCompile Include="Payload.cpp" />
  </ItemGroup>
</Project>